{
  "nodes": {
    "mangobar": {
      "inputs": {
        "nixpkgs": [
          "nixpkgs"
        ]
      },
      "locked": {
        "lastModified": 1789539144,
        "narHash": "sha256-ot38vZg59h24Cv1OYRzF9ktEr115wm+5umCAycsNShA=",
        "owner": "mangowm",
        "repo": "mangobar",
        "rev": "84f25a77706c31b49b865d08bc5429ca61115971",
        "type": "github"
      },
      "original": {
        "owner": "mangowm",
        "repo": "mangobar",
        "type": "github"
      }
    },
    "nixpkgs": {
      "locked": {
        "lastModified": 1789006805,
        "narHash": "sha256-xB8mKMOx1IA9vTDNLmJZ6n4wCMq/cuWBBOzGCRnqxrU=",
        "owner": "nixos",
        "repo": "nixpkgs",
        "rev": "8ce4ef6cb6f871616146b9fe26d2a5ae594e94fe",
        "type": "github"
      },
      "original": {
        "owner": "nixos",
        "ref": "nixos-unstable",
        "repo": "nixpkgs",
        "type": "github"
      }
    },
    "root": {
      "inputs": {
        "mangobar": "mangobar",
        "nixpkgs": "nixpkgs"
      }
    }
  },
  "root": "root",
  "version": 7
}
